
Microsoft Visual Studio Solution File, Format Version 12.00
# Visual Studio 15
Project("{FAE04EC0-301F-11D3-BF4B-00C04F79EFBC}") = "Assembly-CSharp", "Assembly-CSharp.csproj", "{23408C71-1FB5-663F-9374-F785E4D70F0C}"
EndProject
Global
	GlobalSection(SolutionConfigurationPlatforms) = preSolution
		Debug|Any CPU = Debug|Any CPU
		Release|Any CPU = Release|Any CPU
	EndGlobalSection
	GlobalSection(ProjectConfigurationPlatforms) = postSolution
		{23408C71-1FB5-663F-9374-F785E4D70F0C}.Debug|Any CPU.ActiveCfg = Debug|Any CPU
		{23408C71-1FB5-663F-9374-F785E4D70F0C}.Debug|Any CPU.Build.0 = Debug|Any CPU
		{23408C71-1FB5-663F-9374-F785E4D70F0C}.Release|Any CPU.ActiveCfg = Release|Any CPU
		{23408C71-1FB5-663F-9374-F785E4D70F0C}.Release|Any CPU.Build.0 = Release|Any CPU
	EndGlobalSection
	GlobalSection(SolutionProperties) = preSolution
		HideSolutionNode = FALSE
	EndGlobalSection
EndGlobal
